// !$*UTF8*$!
{
	archiveVersion = 1;
	classes = {
	};
	objectVersion = 56;
	objects = {

/* Begin PBXBuildFile section */
		780BD049149201A68F3EBD2A /* Pods_Project_graduate.framework in Frameworks */ = {isa = PBXBuildFile; fileRef = 2EC5E5AB6E8729662DB5754A /* Pods_Project_graduate.framework */; };
		C8390B272972C07100075F9F /* d.jpeg in Resources */ = {isa = PBXBuildFile; fileRef = C8390B222972C07100075F9F /* d.jpeg */; };
		C8390B282972C07100075F9F /* b.jpeg in Resources */ = {isa = PBXBuildFile; fileRef = C8390B232972C07100075F9F /* b.jpeg */; };
		C8390B292972C07100075F9F /* e.jpeg in Resources */ = {isa = PBXBuildFile; fileRef = C8390B242972C07100075F9F /* e.jpeg */; };
		C8390B2A2972C07100075F9F /* a.jpeg in Resources */ = {isa = PBXBuildFile; fileRef = C8390B252972C07100075F9F /* a.jpeg */; };
		C8390B2B2972C07100075F9F /* c.jpeg in Resources */ = {isa = PBXBuildFile; fileRef = C8390B262972C07100075F9F /* c.jpeg */; };
		C839A56E2965B0E300F206FB /* AppDelegate.swift in Sources */ = {isa = PBXBuildFile; fileRef = C839A56D2965B0E300F206FB /* AppDelegate.swift */; };
		C839A5702965B0E300F206FB /* SceneDelegate.swift in Sources */ = {isa = PBXBuildFile; fileRef = C839A56F2965B0E300F206FB /* SceneDelegate.swift */; };
		C839A5752965B0E300F206FB /* Main.storyboard in Resources */ = {isa = PBXBuildFile; fileRef = C839A5732965B0E300F206FB /* Main.storyboard */; };
		C839A5772965B0E500F206FB /* Assets.xcassets in Resources */ = {isa = PBXBuildFile; fileRef = C839A5762965B0E500F206FB /* Assets.xcassets */; };
		C839A57A2965B0E500F206FB /* LaunchScreen.storyboard in Resources */ = {isa = PBXBuildFile; fileRef = C839A5782965B0E500F206FB /* LaunchScreen.storyboard */; };
		C839A5832965B19B00F206FB /* CropViewController in Frameworks */ = {isa = PBXBuildFile; productRef = C839A5822965B19B00F206FB /* CropViewController */; };
		C839A5852965B33500F206FB /* BookCoverCollectionViewCell.swift in Sources */ = {isa = PBXBuildFile; fileRef = C839A5842965B33500F206FB /* BookCoverCollectionViewCell.swift */; };
		C839A5872965B35200F206FB /* MainPageViewController.swift in Sources */ = {isa = PBXBuildFile; fileRef = C839A5862965B35200F206FB /* MainPageViewController.swift */; };
		C839A5892965B4F500F206FB /* Camera1.png in Resources */ = {isa = PBXBuildFile; fileRef = C839A5882965B4F500F206FB /* Camera1.png */; };
		C839A58C2965B7E400F206FB /* CamViewController.swift in Sources */ = {isa = PBXBuildFile; fileRef = C839A58B2965B7E400F206FB /* CamViewController.swift */; };
		C839A5902965B88300F206FB /* ScanResultViewController.swift in Sources */ = {isa = PBXBuildFile; fileRef = C839A58F2965B88300F206FB /* ScanResultViewController.swift */; };
/* End PBXBuildFile section */

/* Begin PBXFileReference section */
		206C9CCF111560FA9911444E /* Pods-Project_graduate.debug.xcconfig */ = {isa = PBXFileReference; includeInIndex = 1; lastKnownFileType = text.xcconfig; name = "Pods-Project_graduate.debug.xcconfig"; path = "Target Support Files/Pods-Project_graduate/Pods-Project_graduate.debug.xcconfig"; sourceTree = "<group>"; };
		2EC5E5AB6E8729662DB5754A /* Pods_Project_graduate.framework */ = {isa = PBXFileReference; explicitFileType = wrapper.framework; includeInIndex = 0; path = Pods_Project_graduate.framework; sourceTree = BUILT_PRODUCTS_DIR; };
		BFFCE50FA0881A537C978F07 /* Pods-Project_graduate.release.xcconfig */ = {isa = PBXFileReference; includeInIndex = 1; lastKnownFileType = text.xcconfig; name = "Pods-Project_graduate.release.xcconfig"; path = "Target Support Files/Pods-Project_graduate/Pods-Project_graduate.release.xcconfig"; sourceTree = "<group>"; };
		C8390B222972C07100075F9F /* d.jpeg */ = {isa = PBXFileReference; lastKnownFileType = image.jpeg; path = d.jpeg; sourceTree = "<group>"; };
		C8390B232972C07100075F9F /* b.jpeg */ = {isa = PBXFileReference; lastKnownFileType = image.jpeg; path = b.jpeg; sourceTree = "<group>"; };
		C8390B242972C07100075F9F /* e.jpeg */ = {isa = PBXFileReference; lastKnownFileType = image.jpeg; path = e.jpeg; sourceTree = "<group>"; };
		C8390B252972C07100075F9F /* a.jpeg */ = {isa = PBXFileReference; lastKnownFileType = image.jpeg; path = a.jpeg; sourceTree = "<group>"; };
		C8390B262972C07100075F9F /* c.jpeg */ = {isa = PBXFileReference; lastKnownFileType = image.jpeg; path = c.jpeg; sourceTree = "<group>"; };
		C839A56A2965B0E300F206FB /* Project_graduate.app */ = {isa = PBXFileReference; explicitFileType = wrapper.application; includeInIndex = 0; path = Project_graduate.app; sourceTree = BUILT_PRODUCTS_DIR; };
		C839A56D2965B0E300F206FB /* AppDelegate.swift */ = {isa = PBXFileReference; lastKnownFileType = sourcecode.swift; path = AppDelegate.swift; sourceTree = "<group>"; };
		C839A56F2965B0E300F206FB /* SceneDelegate.swift */ = {isa = PBXFileReference; lastKnownFileType = sourcecode.swift; path = SceneDelegate.swift; sourceTree = "<group>"; };
		C839A5742965B0E300F206FB /* Base */ = {isa = PBXFileReference; lastKnownFileType = file.storyboard; name = Base; path = Base.lproj/Main.storyboard; sourceTree = "<group>"; };
		C839A5762965B0E500F206FB /* Assets.xcassets */ = {isa = PBXFileReference; lastKnownFileType = folder.assetcatalog; path = Assets.xcassets; sourceTree = "<group>"; };
		C839A5792965B0E500F206FB /* Base */ = {isa = PBXFileReference; lastKnownFileType = file.storyboard; name = Base; path = Base.lproj/LaunchScreen.storyboard; sourceTree = "<group>"; };
		C839A57B2965B0E500F206FB /* Info.plist */ = {isa = PBXFileReference; lastKnownFileType = text.plist.xml; path = Info.plist; sourceTree = "<group>"; };
		C839A5842965B33500F206FB /* BookCoverCollectionViewCell.swift */ = {isa = PBXFileReference; lastKnownFileType = sourcecode.swift; path = BookCoverCollectionViewCell.swift; sourceTree = "<group>"; };
		C839A5862965B35200F206FB /* MainPageViewController.swift */ = {isa = PBXFileReference; lastKnownFileType = sourcecode.swift; path = MainPageViewController.swift; sourceTree = "<group>"; };
		C839A5882965B4F500F206FB /* Camera1.png */ = {isa = PBXFileReference; lastKnownFileType = image.png; path = Camera1.png; sourceTree = "<group>"; };
		C839A58B2965B7E400F206FB /* CamViewController.swift */ = {isa = PBXFileReference; lastKnownFileType = sourcecode.swift; path = CamViewController.swift; sourceTree = "<group>"; };
		C839A58F2965B88300F206FB /* ScanResultViewController.swift */ = {isa = PBXFileReference; lastKnownFileType = sourcecode.swift; path = ScanResultViewController.swift; sourceTree = "<group>"; };
/* End PBXFileReference section */

/* Begin PBXFrameworksBuildPhase section */
		C839A5672965B0E300F206FB /* Frameworks */ = {
			isa = PBXFrameworksBuildPhase;
			buildActionMask = 2147483647;
			files = (
				C839A5832965B19B00F206FB /* CropViewController in Frameworks */,
				780BD049149201A68F3EBD2A /* Pods_Project_graduate.framework in Frameworks */,
			);
			runOnlyForDeploymentPostprocessing = 0;
		};
/* End PBXFrameworksBuildPhase section */

/* Begin PBXGroup section */
		96EE5FF7BE0F2CC8F5CACA42 /* Pods */ = {
			isa = PBXGroup;
			children = (
				206C9CCF111560FA9911444E /* Pods-Project_graduate.debug.xcconfig */,
				BFFCE50FA0881A537C978F07 /* Pods-Project_graduate.release.xcconfig */,
			);
			path = Pods;
			sourceTree = "<group>";
		};
		BFF23E2DE49F9C095319F5C0 /* Frameworks */ = {
			isa = PBXGroup;
			children = (
				2EC5E5AB6E8729662DB5754A /* Pods_Project_graduate.framework */,
			);
			name = Frameworks;
			sourceTree = "<group>";
		};
		C8390B2C2972C08900075F9F /* images */ = {
			isa = PBXGroup;
			children = (
				C8390B252972C07100075F9F /* a.jpeg */,
				C8390B232972C07100075F9F /* b.jpeg */,
				C8390B262972C07100075F9F /* c.jpeg */,
				C8390B222972C07100075F9F /* d.jpeg */,
				C8390B242972C07100075F9F /* e.jpeg */,
			);
			name = images;
			sourceTree = "<group>";
		};
		C839A5612965B0E300F206FB = {
			isa = PBXGroup;
			children = (
				C839A58A2965B50300F206FB /* buttonIcon */,
				C839A56C2965B0E300F206FB /* Project_graduate */,
				C8390B2C2972C08900075F9F /* images */,
				C839A56B2965B0E300F206FB /* Products */,
				96EE5FF7BE0F2CC8F5CACA42 /* Pods */,
				BFF23E2DE49F9C095319F5C0 /* Frameworks */,
			);
			sourceTree = "<group>";
		};
		C839A56B2965B0E300F206FB /* Products */ = {
			isa = PBXGroup;
			children = (
				C839A56A2965B0E300F206FB /* Project_graduate.app */,
			);
			name = Products;
			sourceTree = "<group>";
		};
		C839A56C2965B0E300F206FB /* Project_graduate */ = {
			isa = PBXGroup;
			children = (
				C839A56D2965B0E300F206FB /* AppDelegate.swift */,
				C839A56F2965B0E300F206FB /* SceneDelegate.swift */,
				C839A5842965B33500F206FB /* BookCoverCollectionViewCell.swift */,
				C839A5862965B35200F206FB /* MainPageViewController.swift */,
				C839A58B2965B7E400F206FB /* CamViewController.swift */,
				C839A58F2965B88300F206FB /* ScanResultViewController.swift */,
				C839A5732965B0E300F206FB /* Main.storyboard */,
				C839A5762965B0E500F206FB /* Assets.xcassets */,
				C839A5782965B0E500F206FB /* LaunchScreen.storyboard */,
				C839A57B2965B0E500F206FB /* Info.plist */,
			);
			path = Project_graduate;
			sourceTree = "<group>";
		};
		C839A58A2965B50300F206FB /* buttonIcon */ = {
			isa = PBXGroup;
			children = (
				C839A5882965B4F500F206FB /* Camera1.png */,
			);
			path = buttonIcon;
			sourceTree = "<group>";
		};
/* End PBXGroup section */

/* Begin PBXNativeTarget section */
		C839A5692965B0E300F206FB /* Project_graduate */ = {
			isa = PBXNativeTarget;
			buildConfigurationList = C839A57E2965B0E500F206FB /* Build configuration list for PBXNativeTarget "Project_graduate" */;
			buildPhases = (
				3CEAD5796715F77458A3F42E /* [CP] Check Pods Manifest.lock */,
				C839A5662965B0E300F206FB /* Sources */,
				C839A5672965B0E300F206FB /* Frameworks */,
				C839A5682965B0E300F206FB /* Resources */,
				8D53177813D4257A1BC9B5FF /* [CP] Embed Pods Frameworks */,
			);
			buildRules = (
			);
			dependencies = (
			);
			name = Project_graduate;
			packageProductDependencies = (
				C839A5822965B19B00F206FB /* CropViewController */,
			);
			productName = Project_graduate;
			productReference = C839A56A2965B0E300F206FB /* Project_graduate.app */;
			productType = "com.apple.product-type.application";
		};
/* End PBXNativeTarget section */

/* Begin PBXProject section */
		C839A5622965B0E300F206FB /* Project object */ = {
			isa = PBXProject;
			attributes = {
				BuildIndependentTargetsInParallel = 1;
				LastSwiftUpdateCheck = 1410;
				LastUpgradeCheck = 1410;
				TargetAttributes = {
					C839A5692965B0E300F206FB = {
						CreatedOnToolsVersion = 14.1;
					};
				};
			};
			buildConfigurationList = C839A5652965B0E300F206FB /* Build configuration list for PBXProject "Project_graduate" */;
			compatibilityVersion = "Xcode 14.0";
			developmentRegion = en;
			hasScannedForEncodings = 0;
			knownRegions = (
				en,
				Base,
			);
			mainGroup = C839A5612965B0E300F206FB;
			packageReferences = (
				C839A5812965B19B00F206FB /* XCRemoteSwiftPackageReference "TOCropViewController" */,
			);
			productRefGroup = C839A56B2965B0E300F206FB /* Products */;
			projectDirPath = "";
			projectRoot = "";
			targets = (
				C839A5692965B0E300F206FB /* Project_graduate */,
			);
		};
/* End PBXProject section */

/* Begin PBXResourcesBuildPhase section */
		C839A5682965B0E300F206FB /* Resources */ = {
			isa = PBXResourcesBuildPhase;
			buildActionMask = 2147483647;
			files = (
				C8390B272972C07100075F9F /* d.jpeg in Resources */,
				C839A5892965B4F500F206FB /* Camera1.png in Resources */,
				C8390B282972C07100075F9F /* b.jpeg in Resources */,
				C8390B2A2972C07100075F9F /* a.jpeg in Resources */,
				C839A57A2965B0E500F206FB /* LaunchScreen.storyboard in Resources */,
				C8390B292972C07100075F9F /* e.jpeg in Resources */,
				C8390B2B2972C07100075F9F /* c.jpeg in Resources */,
				C839A5772965B0E500F206FB /* Assets.xcassets in Resources */,
				C839A5752965B0E300F206FB /* Main.storyboard in Resources */,
			);
			runOnlyForDeploymentPostprocessing = 0;
		};
/* End PBXResourcesBuildPhase section */

/* Begin PBXShellScriptBuildPhase section */
		3CEAD5796715F77458A3F42E /* [CP] Check Pods Manifest.lock */ = {
			isa = PBXShellScriptBuildPhase;
			buildActionMask = 2147483647;
			files = (
			);
			inputFileListPaths = (
			);
			inputPaths = (
				"${PODS_PODFILE_DIR_PATH}/Podfile.lock",
				"${PODS_ROOT}/Manifest.lock",
			);
			name = "[CP] Check Pods Manifest.lock";
			outputFileListPaths = (
			);
			outputPaths = (
				"$(DERIVED_FILE_DIR)/Pods-Project_graduate-checkManifestLockResult.txt",
			);
			runOnlyForDeploymentPostprocessing = 0;
			shellPath = /bin/sh;
			shellScript = "diff \"${PODS_PODFILE_DIR_PATH}/Podfile.lock\" \"${PODS_ROOT}/Manifest.lock\" > /dev/null\nif [ $? != 0 ] ; then\n    # print error to STDERR\n    echo \"error: The sandbox is not in sync with the Podfile.lock. Run 'pod install' or update your CocoaPods installation.\" >&2\n    exit 1\nfi\n# This output is used by Xcode 'outputs' to avoid re-running this script phase.\necho \"SUCCESS\" > \"${SCRIPT_OUTPUT_FILE_0}\"\n";
			showEnvVarsInLog = 0;
		};
		8D53177813D4257A1BC9B5FF /* [CP] Embed Pods Frameworks */ = {
			isa = PBXShellScriptBuildPhase;
			buildActionMask = 2147483647;
			files = (
			);
			inputFileListPaths = (
				"${PODS_ROOT}/Target Support Files/Pods-Project_graduate/Pods-Project_graduate-frameworks-${CONFIGURATION}-input-files.xcfilelist",
			);
			name = "[CP] Embed Pods Frameworks";
			outputFileListPaths = (
				"${PODS_ROOT}/Target Support Files/Pods-Project_graduate/Pods-Project_graduate-frameworks-${CONFIGURATION}-output-files.xcfilelist",
			);
			runOnlyForDeploymentPostprocessing = 0;
			shellPath = /bin/sh;
			shellScript = "\"${PODS_ROOT}/Target Support Files/Pods-Project_graduate/Pods-Project_graduate-frameworks.sh\"\n";
			showEnvVarsInLog = 0;
		};
/* End PBXShellScriptBuildPhase section */

/* Begin PBXSourcesBuildPhase section */
		C839A5662965B0E300F206FB /* Sources */ = {
			isa = PBXSourcesBuildPhase;
			buildActionMask = 2147483647;
			files = (
				C839A58C2965B7E400F206FB /* CamViewController.swift in Sources */,
				C839A5872965B35200F206FB /* MainPageViewController.swift in Sources */,
				C839A56E2965B0E300F206FB /* AppDelegate.swift in Sources */,
				C839A5902965B88300F206FB /* ScanResultViewController.swift in Sources */,
				C839A5852965B33500F206FB /* BookCoverCollectionViewCell.swift in Sources */,
				C839A5702965B0E300F206FB /* SceneDelegate.swift in Sources */,
			);
			runOnlyForDeploymentPostprocessing = 0;
		};
/* End PBXSourcesBuildPhase section */

/* Begin PBXVariantGroup section */
		C839A5732965B0E300F206FB /* Main.storyboard */ = {
			isa = PBXVariantGroup;
			children = (
				C839A5742965B0E300F206FB /* Base */,
			);
			name = Main.storyboard;
			sourceTree = "<group>";
		};
		C839A5782965B0E500F206FB /* LaunchScreen.storyboard */ = {
			isa = PBXVariantGroup;
			children = (
				C839A5792965B0E500F206FB /* Base */,
			);
			name = LaunchScreen.storyboard;
			sourceTree = "<group>";
		};
/* End PBXVariantGroup section */

/* Begin XCBuildConfiguration section */
		C839A57C2965B0E500F206FB /* Debug */ = {
			isa = XCBuildConfiguration;
			buildSettings = {
				ALWAYS_SEARCH_USER_PATHS = NO;
				CLANG_ANALYZER_NONNULL = YES;
				CLANG_ANALYZER_NUMBER_OBJECT_CONVERSION = YES_AGGRESSIVE;
				CLANG_CXX_LANGUAGE_STANDARD = "gnu++20";
				CLANG_ENABLE_MODULES = YES;
				CLANG_ENABLE_OBJC_ARC = YES;
				CLANG_ENABLE_OBJC_WEAK = YES;
				CLANG_WARN_BLOCK_CAPTURE_AUTORELEASING = YES;
				CLANG_WARN_BOOL_CONVERSION = YES;
				CLANG_WARN_COMMA = YES;
				CLANG_WARN_CONSTANT_CONVERSION = YES;
				CLANG_WARN_DEPRECATED_OBJC_IMPLEMENTATIONS = YES;
				CLANG_WARN_DIRECT_OBJC_ISA_USAGE = YES_ERROR;
				CLANG_WARN_DOCUMENTATION_COMMENTS = YES;
				CLANG_WARN_EMPTY_BODY = YES;
				CLANG_WARN_ENUM_CONVERSION = YES;
				CLANG_WARN_INFINITE_RECURSION = YES;
				CLANG_WARN_INT_CONVERSION = YES;
				CLANG_WARN_NON_LITERAL_NULL_CONVERSION = YES;
				CLANG_WARN_OBJC_IMPLICIT_RETAIN_SELF = YES;
				CLANG_WARN_OBJC_LITERAL_CONVERSION = YES;
				CLANG_WARN_OBJC_ROOT_CLASS = YES_ERROR;
				CLANG_WARN_QUOTED_INCLUDE_IN_FRAMEWORK_HEADER = YES;
				CLANG_WARN_RANGE_LOOP_ANALYSIS = YES;
				CLANG_WARN_STRICT_PROTOTYPES = YES;
				CLANG_WARN_SUSPICIOUS_MOVE = YES;
				CLANG_WARN_UNGUARDED_AVAILABILITY = YES_AGGRESSIVE;
				CLANG_WARN_UNREACHABLE_CODE = YES;
				CLANG_WARN__DUPLICATE_METHOD_MATCH = YES;
				COPY_PHASE_STRIP = NO;
				DEBUG_INFORMATION_FORMAT = dwarf;
				ENABLE_STRICT_OBJC_MSGSEND = YES;
				ENABLE_TESTABILITY = YES;
				GCC_C_LANGUAGE_STANDARD = gnu11;
				GCC_DYNAMIC_NO_PIC = NO;
				GCC_NO_COMMON_BLOCKS = YES;
				GCC_OPTIMIZATION_LEVEL = 0;
				GCC_PREPROCESSOR_DEFINITIONS = (
					"DEBUG=1",
					"$(inherited)",
				);
				GCC_WARN_64_TO_32_BIT_CONVERSION = YES;
				GCC_WARN_ABOUT_RETURN_TYPE = YES_ERROR;
				GCC_WARN_UNDECLARED_SELECTOR = YES;
				GCC_WARN_UNINITIALIZED_AUTOS = YES_AGGRESSIVE;
				GCC_WARN_UNUSED_FUNCTION = YES;
				GCC_WARN_UNUSED_VARIABLE = YES;
				IPHONEOS_DEPLOYMENT_TARGET = 16.1;
				MTL_ENABLE_DEBUG_INFO = INCLUDE_SOURCE;
				MTL_FAST_MATH = YES;
				ONLY_ACTIVE_ARCH = YES;
				SDKROOT = iphoneos;
				SWIFT_ACTIVE_COMPILATION_CONDITIONS = DEBUG;
				SWIFT_OPTIMIZATION_LEVEL = "-Onone";
			};
			name = Debug;
		};
		C839A57D2965B0E500F206FB /* Release */ = {
			isa = XCBuildConfiguration;
			buildSettings = {
				ALWAYS_SEARCH_USER_PATHS = NO;
				CLANG_ANALYZER_NONNULL = YES;
				CLANG_ANALYZER_NUMBER_OBJECT_CONVERSION = YES_AGGRESSIVE;
				CLANG_CXX_LANGUAGE_STANDARD = "gnu++20";
				CLANG_ENABLE_MODULES = YES;
				CLANG_ENABLE_OBJC_ARC = YES;
				CLANG_ENABLE_OBJC_WEAK = YES;
				CLANG_WARN_BLOCK_CAPTURE_AUTORELEASING = YES;
				CLANG_WARN_BOOL_CONVERSION = YES;
				CLANG_WARN_COMMA = YES;
				CLANG_WARN_CONSTANT_CONVERSION = YES;
				CLANG_WARN_DEPRECATED_OBJC_IMPLEMENTATIONS = YES;
				CLANG_WARN_DIRECT_OBJC_ISA_USAGE = YES_ERROR;
				CLANG_WARN_DOCUMENTATION_COMMENTS = YES;
				CLANG_WARN_EMPTY_BODY = YES;
				CLANG_WARN_ENUM_CONVERSION = YES;
				CLANG_WARN_INFINITE_RECURSION = YES;
				CLANG_WARN_INT_CONVERSION = YES;
				CLANG_WARN_NON_LITERAL_NULL_CONVERSION = YES;
				CLANG_WARN_OBJC_IMPLICIT_RETAIN_SELF = YES;
				CLANG_WARN_OBJC_LITERAL_CONVERSION = YES;
				CLANG_WARN_OBJC_ROOT_CLASS = YES_ERROR;
				CLANG_WARN_QUOTED_INCLUDE_IN_FRAMEWORK_HEADER = YES;
				CLANG_WARN_RANGE_LOOP_ANALYSIS = YES;
				CLANG_WARN_STRICT_PROTOTYPES = YES;
				CLANG_WARN_SUSPICIOUS_MOVE = YES;
				CLANG_WARN_UNGUARDED_AVAILABILITY = YES_AGGRESSIVE;
				CLANG_WARN_UNREACHABLE_CODE = YES;
				CLANG_WARN__DUPLICATE_METHOD_MATCH = YES;
				COPY_PHASE_STRIP = NO;
				DEBUG_INFORMATION_FORMAT = "dwarf-with-dsym";
				ENABLE_NS_ASSERTIONS = NO;
				ENABLE_STRICT_OBJC_MSGSEND = YES;
				GCC_C_LANGUAGE_STANDARD = gnu11;
				GCC_NO_COMMON_BLOCKS = YES;
				GCC_WARN_64_TO_32_BIT_CONVERSION = YES;
				GCC_WARN_ABOUT_RETURN_TYPE = YES_ERROR;
				GCC_WARN_UNDECLARED_SELECTOR = YES;
				GCC_WARN_UNINITIALIZED_AUTOS = YES_AGGRESSIVE;
				GCC_WARN_UNUSED_FUNCTION = YES;
				GCC_WARN_UNUSED_VARIABLE = YES;
				IPHONEOS_DEPLOYMENT_TARGET = 16.1;
				MTL_ENABLE_DEBUG_INFO = NO;
				MTL_FAST_MATH = YES;
				SDKROOT = iphoneos;
				SWIFT_COMPILATION_MODE = wholemodule;
				SWIFT_OPTIMIZATION_LEVEL = "-O";
				VALIDATE_PRODUCT = YES;
			};
			name = Release;
		};
		C839A57F2965B0E500F206FB /* Debug */ = {
			isa = XCBuildConfiguration;
			baseConfigurationReference = 206C9CCF111560FA9911444E /* Pods-Project_graduate.debug.xcconfig */;
			buildSettings = {
				ASSETCATALOG_COMPILER_APPICON_NAME = AppIcon;
				ASSETCATALOG_COMPILER_GLOBAL_ACCENT_COLOR_NAME = AccentColor;
				CODE_SIGN_STYLE = Automatic;
				CURRENT_PROJECT_VERSION = 1;
				DEVELOPMENT_TEAM = 4Q36CVK97Z;
				GENERATE_INFOPLIST_FILE = YES;
				INFOPLIST_FILE = Project_graduate/Info.plist;
				INFOPLIST_KEY_UIApplicationSupportsIndirectInputEvents = YES;
				INFOPLIST_KEY_UILaunchStoryboardName = LaunchScreen;
				INFOPLIST_KEY_UIMainStoryboardFile = Main;
				INFOPLIST_KEY_UISupportedInterfaceOrientations_iPad = "UIInterfaceOrientationPortrait UIInterfaceOrientationPortraitUpsideDown UIInterfaceOrientationLandscapeLeft UIInterfaceOrientationLandscapeRight";
				INFOPLIST_KEY_UISupportedInterfaceOrientations_iPhone = "UIInterfaceOrientationPortrait UIInterfaceOrientationLandscapeLeft UIInterfaceOrientationLandscapeRight";
				LD_RUNPATH_SEARCH_PATHS = (
					"$(inherited)",
					"@executable_path/Frameworks",
				);
				MARKETING_VERSION = 1.0;
				PRODUCT_BUNDLE_IDENTIFIER = "com.study.Project-graduate";
				PRODUCT_NAME = "$(TARGET_NAME)";
				SWIFT_EMIT_LOC_STRINGS = YES;
				SWIFT_VERSION = 5.0;
				TARGETED_DEVICE_FAMILY = "1,2";
			};
			name = Debug;
		};
		C839A5802965B0E500F206FB /* Release */ = {
			isa = XCBuildConfiguration;
			baseConfigurationReference = BFFCE50FA0881A537C978F07 /* Pods-Project_graduate.release.xcconfig */;
			buildSettings = {
				ASSETCATALOG_COMPILER_APPICON_NAME = AppIcon;
				ASSETCATALOG_COMPILER_GLOBAL_ACCENT_COLOR_NAME = AccentColor;
				CODE_SIGN_STYLE = Automatic;
				CURRENT_PROJECT_VERSION = 1;
				DEVELOPMENT_TEAM = 4Q36CVK97Z;
				GENERATE_INFOPLIST_FILE = YES;
				INFOPLIST_FILE = Project_graduate/Info.plist;
				INFOPLIST_KEY_UIApplicationSupportsIndirectInputEvents = YES;
				INFOPLIST_KEY_UILaunchStoryboardName = LaunchScreen;
				INFOPLIST_KEY_UIMainStoryboardFile = Main;
				INFOPLIST_KEY_UISupportedInterfaceOrientations_iPad = "UIInterfaceOrientationPortrait UIInterfaceOrientationPortraitUpsideDown UIInterfaceOrientationLandscapeLeft UIInterfaceOrientationLandscapeRight";
				INFOPLIST_KEY_UISupportedInterfaceOrientations_iPhone = "UIInterfaceOrientationPortrait UIInterfaceOrientationLandscapeLeft UIInterfaceOrientationLandscapeRight";
				LD_RUNPATH_SEARCH_PATHS = (
					"$(inherited)",
					"@executable_path/Frameworks",
				);
				MARKETING_VERSION = 1.0;
				PRODUCT_BUNDLE_IDENTIFIER = "com.study.Project-graduate";
				PRODUCT_NAME = "$(TARGET_NAME)";
				SWIFT_EMIT_LOC_STRINGS = YES;
				SWIFT_VERSION = 5.0;
				TARGETED_DEVICE_FAMILY = "1,2";
			};
			name = Release;
		};
/* End XCBuildConfiguration section */

/* Begin XCConfigurationList section */
		C839A5652965B0E300F206FB /* Build configuration list for PBXProject "Project_graduate" */ = {
			isa = XCConfigurationList;
			buildConfigurations = (
				C839A57C2965B0E500F206FB /* Debug */,
				C839A57D2965B0E500F206FB /* Release */,
			);
			defaultConfigurationIsVisible = 0;
			defaultConfigurationName = Release;
		};
		C839A57E2965B0E500F206FB /* Build configuration list for PBXNativeTarget "Project_graduate" */ = {
			isa = XCConfigurationList;
			buildConfigurations = (
				C839A57F2965B0E500F206FB /* Debug */,
				C839A5802965B0E500F206FB /* Release */,
			);
			defaultConfigurationIsVisible = 0;
			defaultConfigurationName = Release;
		};
/* End XCConfigurationList section */

/* Begin XCRemoteSwiftPackageReference section */
		C839A5812965B19B00F206FB /* XCRemoteSwiftPackageReference "TOCropViewController" */ = {
			isa = XCRemoteSwiftPackageReference;
			repositoryURL = "https://github.com/TimOliver/TOCropViewController.git";
			requirement = {
				kind = upToNextMajorVersion;
				minimumVersion = 2.0.0;
			};
		};
/* End XCRemoteSwiftPackageReference section */

/* Begin XCSwiftPackageProductDependency section */
		C839A5822965B19B00F206FB /* CropViewController */ = {
			isa = XCSwiftPackageProductDependency;
			package = C839A5812965B19B00F206FB /* XCRemoteSwiftPackageReference "TOCropViewController" */;
			productName = CropViewController;
		};
/* End XCSwiftPackageProductDependency section */
	};
	rootObject = C839A5622965B0E300F206FB /* Project object */;
}
